// !$*UTF8*$!
{
	archiveVersion = 1;
	classes = {
	};
	objectVersion = 50;
	objects = {

/* Begin PBXBuildFile section */
		537276DA265E679C003133F1 /* AccesibilityApp.swift in Sources */ = {isa = PBXBuildFile; fileRef = 537276C7265E679B003133F1 /* AccesibilityApp.swift */; };
		537276DB265E679C003133F1 /* AccesibilityApp.swift in Sources */ = {isa = PBXBuildFile; fileRef = 537276C7265E679B003133F1 /* AccesibilityApp.swift */; };
		537276DC265E679C003133F1 /* ContentView.swift in Sources */ = {isa = PBXBuildFile; fileRef = 537276C8265E679B003133F1 /* ContentView.swift */; };
		537276DD265E679C003133F1 /* ContentView.swift in Sources */ = {isa = PBXBuildFile; fileRef = 537276C8265E679B003133F1 /* ContentView.swift */; };
		537276DE265E679C003133F1 /* Assets.xcassets in Resources */ = {isa = PBXBuildFile; fileRef = 537276C9265E679C003133F1 /* Assets.xcassets */; };
		537276DF265E679C003133F1 /* Assets.xcassets in Resources */ = {isa = PBXBuildFile; fileRef = 537276C9265E679C003133F1 /* Assets.xcassets */; };
/* End PBXBuildFile section */

/* Begin PBXFileReference section */
		537276C7265E679B003133F1 /* AccesibilityApp.swift */ = {isa = PBXFileReference; lastKnownFileType = sourcecode.swift; path = AccesibilityApp.swift; sourceTree = "<group>"; };
		537276C8265E679B003133F1 /* ContentView.swift */ = {isa = PBXFileReference; lastKnownFileType = sourcecode.swift; path = ContentView.swift; sourceTree = "<group>"; };
		537276C9265E679C003133F1 /* Assets.xcassets */ = {isa = PBXFileReference; lastKnownFileType = folder.assetcatalog; path = Assets.xcassets; sourceTree = "<group>"; };
		537276CE265E679C003133F1 /* Accesibility.app */ = {isa = PBXFileReference; explicitFileType = wrapper.application; includeInIndex = 0; path = Accesibility.app; sourceTree = BUILT_PRODUCTS_DIR; };
		537276D1265E679C003133F1 /* Info.plist */ = {isa = PBXFileReference; lastKnownFileType = text.plist.xml; path = Info.plist; sourceTree = "<group>"; };
		537276D6265E679C003133F1 /* Accesibility.app */ = {isa = PBXFileReference; explicitFileType = wrapper.application; includeInIndex = 0; path = Accesibility.app; sourceTree = BUILT_PRODUCTS_DIR; };
		537276D8265E679C003133F1 /* Info.plist */ = {isa = PBXFileReference; lastKnownFileType = text.plist.xml; path = Info.plist; sourceTree = "<group>"; };
		537276D9265E679C003133F1 /* macOS.entitlements */ = {isa = PBXFileReference; lastKnownFileType = text.plist.entitlements; path = macOS.entitlements; sourceTree = "<group>"; };
/* End PBXFileReference section */

/* Begin PBXFrameworksBuildPhase section */
		537276CB265E679C003133F1 /* Frameworks */ = {
			isa = PBXFrameworksBuildPhase;
			buildActionMask = 2147483647;
			files = (
			);
			runOnlyForDeploymentPostprocessing = 0;
		};
		537276D3265E679C003133F1 /* Frameworks */ = {
			isa = PBXFrameworksBuildPhase;
			buildActionMask = 2147483647;
			files = (
			);
			runOnlyForDeploymentPostprocessing = 0;
		};
/* End PBXFrameworksBuildPhase section */

/* Begin PBXGroup section */
		537276C1265E679B003133F1 = {
			isa = PBXGroup;
			children = (
				537276C6265E679B003133F1 /* Shared */,
				537276D0265E679C003133F1 /* iOS */,
				537276D7265E679C003133F1 /* macOS */,
				537276CF265E679C003133F1 /* Products */,
			);
			sourceTree = "<group>";
		};
		537276C6265E679B003133F1 /* Shared */ = {
			isa = PBXGroup;
			children = (
				537276C7265E679B003133F1 /* AccesibilityApp.swift */,
				537276C8265E679B003133F1 /* ContentView.swift */,
				537276C9265E679C003133F1 /* Assets.xcassets */,
			);
			path = Shared;
			sourceTree = "<group>";
		};
		537276CF265E679C003133F1 /* Products */ = {
			isa = PBXGroup;
			children = (
				537276CE265E679C003133F1 /* Accesibility.app */,
				537276D6265E679C003133F1 /* Accesibility.app */,
			);
			name = Products;
			sourceTree = "<group>";
		};
		537276D0265E679C003133F1 /* iOS */ = {
			isa = PBXGroup;
			children = (
				537276D1265E679C003133F1 /* Info.plist */,
			);
			path = iOS;
			sourceTree = "<group>";
		};
		537276D7265E679C003133F1 /* macOS */ = {
			isa = PBXGroup;
			children = (
				537276D8265E679C003133F1 /* Info.plist */,
				537276D9265E679C003133F1 /* macOS.entitlements */,
			);
			path = macOS;
			sourceTree = "<group>";
		};
/* End PBXGroup section */

/* Begin PBXNativeTarget section */
		537276CD265E679C003133F1 /* Accesibility (iOS) */ = {
			isa = PBXNativeTarget;
			buildConfigurationList = 537276E2265E679C003133F1 /* Build configuration list for PBXNativeTarget "Accesibility (iOS)" */;
			buildPhases = (
				537276CA265E679C003133F1 /* Sources */,
				537276CB265E679C003133F1 /* Frameworks */,
				537276CC265E679C003133F1 /* Resources */,
			);
			buildRules = (
			);
			dependencies = (
			);
			name = "Accesibility (iOS)";
			productName = "Accesibility (iOS)";
			productReference = 537276CE265E679C003133F1 /* Accesibility.app */;
			productType = "com.apple.product-type.application";
		};
		537276D5265E679C003133F1 /* Accesibility (macOS) */ = {
			isa = PBXNativeTarget;
			buildConfigurationList = 537276E5265E679C003133F1 /* Build configuration list for PBXNativeTarget "Accesibility (macOS)" */;
			buildPhases = (
				537276D2265E679C003133F1 /* Sources */,
				537276D3265E679C003133F1 /* Frameworks */,
				537276D4265E679C003133F1 /* Resources */,
			);
			buildRules = (
			);
			dependencies = (
			);
			name = "Accesibility (macOS)";
			productName = "Accesibility (macOS)";
			productReference = 537276D6265E679C003133F1 /* Accesibility.app */;
			productType = "com.apple.product-type.application";
		};
/* End PBXNativeTarget section */

/* Begin PBXProject section */
		537276C2265E679B003133F1 /* Project object */ = {
			isa = PBXProject;
			attributes = {
				LastSwiftUpdateCheck = 1250;
				LastUpgradeCheck = 1250;
				TargetAttributes = {
					537276CD265E679C003133F1 = {
						CreatedOnToolsVersion = 12.5;
					};
					537276D5265E679C003133F1 = {
						CreatedOnToolsVersion = 12.5;
					};
				};
			};
			buildConfigurationList = 537276C5265E679B003133F1 /* Build configuration list for PBXProject "Accesibility" */;
			compatibilityVersion = "Xcode 9.3";
			developmentRegion = en;
			hasScannedForEncodings = 0;
			knownRegions = (
				en,
				Base,
			);
			mainGroup = 537276C1265E679B003133F1;
			productRefGroup = 537276CF265E679C003133F1 /* Products */;
			projectDirPath = "";
			projectRoot = "";
			targets = (
				537276CD265E679C003133F1 /* Accesibility (iOS) */,
				537276D5265E679C003133F1 /* Accesibility (macOS) */,
			);
		};
/* End PBXProject section */

/* Begin PBXResourcesBuildPhase section */
		537276CC265E679C003133F1 /* Resources */ = {
			isa = PBXResourcesBuildPhase;
			buildActionMask = 2147483647;
			files = (
				537276DE265E679C003133F1 /* Assets.xcassets in Resources */,
			);
			runOnlyForDeploymentPostprocessing = 0;
		};
		537276D4265E679C003133F1 /* Resources */ = {
			isa = PBXResourcesBuildPhase;
			buildActionMask = 2147483647;
			files = (
				537276DF265E679C003133F1 /* Assets.xcassets in Resources */,
			);
			runOnlyForDeploymentPostprocessing = 0;
		};
/* End PBXResourcesBuildPhase section */

/* Begin PBXSourcesBuildPhase section */
		537276CA265E679C003133F1 /* Sources */ = {
			isa = PBXSourcesBuildPhase;
			buildActionMask = 2147483647;
			files = (
				537276DC265E679C003133F1 /* ContentView.swift in Sources */,
				537276DA265E679C003133F1 /* AccesibilityApp.swift in Sources */,
			);
			runOnlyForDeploymentPostprocessing = 0;
		};
		537276D2265E679C003133F1 /* Sources */ = {
			isa = PBXSourcesBuildPhase;
			buildActionMask = 2147483647;
			files = (
				537276DD265E679C003133F1 /* ContentView.swift in Sources */,
				537276DB265E679C003133F1 /* AccesibilityApp.swift in Sources */,
			);
			runOnlyForDeploymentPostprocessing = 0;
		};
/* End PBXSourcesBuildPhase section */

/* Begin XCBuildConfiguration section */
		537276E0265E679C003133F1 /* Debug */ = {
			isa = XCBuildConfiguration;
			buildSettings = {
				ALWAYS_SEARCH_USER_PATHS = NO;
				CLANG_ANALYZER_NONNULL = YES;
				CLANG_ANALYZER_NUMBER_OBJECT_CONVERSION = YES_AGGRESSIVE;
				CLANG_CXX_LANGUAGE_STANDARD = "gnu++14";
				CLANG_CXX_LIBRARY = "libc++";
				CLANG_ENABLE_MODULES = YES;
				CLANG_ENABLE_OBJC_ARC = YES;
				CLANG_ENABLE_OBJC_WEAK = YES;
				CLANG_WARN_BLOCK_CAPTURE_AUTORELEASING = YES;
				CLANG_WARN_BOOL_CONVERSION = YES;
				CLANG_WARN_COMMA = YES;
				CLANG_WARN_CONSTANT_CONVERSION = YES;
				CLANG_WARN_DEPRECATED_OBJC_IMPLEMENTATIONS = YES;
				CLANG_WARN_DIRECT_OBJC_ISA_USAGE = YES_ERROR;
				CLANG_WARN_DOCUMENTATION_COMMENTS = YES;
				CLANG_WARN_EMPTY_BODY = YES;
				CLANG_WARN_ENUM_CONVERSION = YES;
				CLANG_WARN_INFINITE_RECURSION = YES;
				CLANG_WARN_INT_CONVERSION = YES;
				CLANG_WARN_NON_LITERAL_NULL_CONVERSION = YES;
				CLANG_WARN_OBJC_IMPLICIT_RETAIN_SELF = YES;
				CLANG_WARN_OBJC_LITERAL_CONVERSION = YES;
				CLANG_WARN_OBJC_ROOT_CLASS = YES_ERROR;
				CLANG_WARN_QUOTED_INCLUDE_IN_FRAMEWORK_HEADER = YES;
				CLANG_WARN_RANGE_LOOP_ANALYSIS = YES;
				CLANG_WARN_STRICT_PROTOTYPES = YES;
				CLANG_WARN_SUSPICIOUS_MOVE = YES;
				CLANG_WARN_UNGUARDED_AVAILABILITY = YES_AGGRESSIVE;
				CLANG_WARN_UNREACHABLE_CODE = YES;
				CLANG_WARN__DUPLICATE_METHOD_MATCH = YES;
				COPY_PHASE_STRIP = NO;
				DEBUG_INFORMATION_FORMAT = dwarf;
				ENABLE_STRICT_OBJC_MSGSEND = YES;
				ENABLE_TESTABILITY = YES;
				GCC_C_LANGUAGE_STANDARD = gnu11;
				GCC_DYNAMIC_NO_PIC = NO;
				GCC_NO_COMMON_BLOCKS = YES;
				GCC_OPTIMIZATION_LEVEL = 0;
				GCC_PREPROCESSOR_DEFINITIONS = (
					"DEBUG=1",
					"$(inherited)",
				);
				GCC_WARN_64_TO_32_BIT_CONVERSION = YES;
				GCC_WARN_ABOUT_RETURN_TYPE = YES_ERROR;
				GCC_WARN_UNDECLARED_SELECTOR = YES;
				GCC_WARN_UNINITIALIZED_AUTOS = YES_AGGRESSIVE;
				GCC_WARN_UNUSED_FUNCTION = YES;
				GCC_WARN_UNUSED_VARIABLE = YES;
				MTL_ENABLE_DEBUG_INFO = INCLUDE_SOURCE;
				MTL_FAST_MATH = YES;
				ONLY_ACTIVE_ARCH = YES;
				SWIFT_ACTIVE_COMPILATION_CONDITIONS = DEBUG;
				SWIFT_OPTIMIZATION_LEVEL = "-Onone";
			};
			name = Debug;
		};
		537276E1265E679C003133F1 /* Release */ = {
			isa = XCBuildConfiguration;
			buildSettings = {
				ALWAYS_SEARCH_USER_PATHS = NO;
				CLANG_ANALYZER_NONNULL = YES;
				CLANG_ANALYZER_NUMBER_OBJECT_CONVERSION = YES_AGGRESSIVE;
				CLANG_CXX_LANGUAGE_STANDARD = "gnu++14";
				CLANG_CXX_LIBRARY = "libc++";
				CLANG_ENABLE_MODULES = YES;
				CLANG_ENABLE_OBJC_ARC = YES;
				CLANG_ENABLE_OBJC_WEAK = YES;
				CLANG_WARN_BLOCK_CAPTURE_AUTORELEASING = YES;
				CLANG_WARN_BOOL_CONVERSION = YES;
				CLANG_WARN_COMMA = YES;
				CLANG_WARN_CONSTANT_CONVERSION = YES;
				CLANG_WARN_DEPRECATED_OBJC_IMPLEMENTATIONS = YES;
				CLANG_WARN_DIRECT_OBJC_ISA_USAGE = YES_ERROR;
				CLANG_WARN_DOCUMENTATION_COMMENTS = YES;
				CLANG_WARN_EMPTY_BODY = YES;
				CLANG_WARN_ENUM_CONVERSION = YES;
				CLANG_WARN_INFINITE_RECURSION = YES;
				CLANG_WARN_INT_CONVERSION = YES;
				CLANG_WARN_NON_LITERAL_NULL_CONVERSION = YES;
				CLANG_WARN_OBJC_IMPLICIT_RETAIN_SELF = YES;
				CLANG_WARN_OBJC_LITERAL_CONVERSION = YES;
				CLANG_WARN_OBJC_ROOT_CLASS = YES_ERROR;
				CLANG_WARN_QUOTED_INCLUDE_IN_FRAMEWORK_HEADER = YES;
				CLANG_WARN_RANGE_LOOP_ANALYSIS = YES;
				CLANG_WARN_STRICT_PROTOTYPES = YES;
				CLANG_WARN_SUSPICIOUS_MOVE = YES;
				CLANG_WARN_UNGUARDED_AVAILABILITY = YES_AGGRESSIVE;
				CLANG_WARN_UNREACHABLE_CODE = YES;
				CLANG_WARN__DUPLICATE_METHOD_MATCH = YES;
				COPY_PHASE_STRIP = NO;
				DEBUG_INFORMATION_FORMAT = "dwarf-with-dsym";
				ENABLE_NS_ASSERTIONS = NO;
				ENABLE_STRICT_OBJC_MSGSEND = YES;
				GCC_C_LANGUAGE_STANDARD = gnu11;
				GCC_NO_COMMON_BLOCKS = YES;
				GCC_WARN_64_TO_32_BIT_CONVERSION = YES;
				GCC_WARN_ABOUT_RETURN_TYPE = YES_ERROR;
				GCC_WARN_UNDECLARED_SELECTOR = YES;
				GCC_WARN_UNINITIALIZED_AUTOS = YES_AGGRESSIVE;
				GCC_WARN_UNUSED_FUNCTION = YES;
				GCC_WARN_UNUSED_VARIABLE = YES;
				MTL_ENABLE_DEBUG_INFO = NO;
				MTL_FAST_MATH = YES;
				SWIFT_COMPILATION_MODE = wholemodule;
				SWIFT_OPTIMIZATION_LEVEL = "-O";
			};
			name = Release;
		};
		537276E3265E679C003133F1 /* Debug */ = {
			isa = XCBuildConfiguration;
			buildSettings = {
				ASSETCATALOG_COMPILER_APPICON_NAME = AppIcon;
				ASSETCATALOG_COMPILER_GLOBAL_ACCENT_COLOR_NAME = AccentColor;
				CODE_SIGN_STYLE = Automatic;
				ENABLE_PREVIEWS = YES;
				INFOPLIST_FILE = iOS/Info.plist;
				IPHONEOS_DEPLOYMENT_TARGET = 14.0;
				LD_RUNPATH_SEARCH_PATHS = (
					"$(inherited)",
					"@executable_path/Frameworks",
				);
				PRODUCT_BUNDLE_IDENTIFIER = BrightAnchor.Accesibility;
				PRODUCT_NAME = Accesibility;
				SDKROOT = iphoneos;
				SWIFT_VERSION = 5.0;
				TARGETED_DEVICE_FAMILY = "1,2";
			};
			name = Debug;
		};
		537276E4265E679C003133F1 /* Release */ = {
			isa = XCBuildConfiguration;
			buildSettings = {
				ASSETCATALOG_COMPILER_APPICON_NAME = AppIcon;
				ASSETCATALOG_COMPILER_GLOBAL_ACCENT_COLOR_NAME = AccentColor;
				CODE_SIGN_STYLE = Automatic;
				ENABLE_PREVIEWS = YES;
				INFOPLIST_FILE = iOS/Info.plist;
				IPHONEOS_DEPLOYMENT_TARGET = 14.0;
				LD_RUNPATH_SEARCH_PATHS = (
					"$(inherited)",
					"@executable_path/Frameworks",
				);
				PRODUCT_BUNDLE_IDENTIFIER = BrightAnchor.Accesibility;
				PRODUCT_NAME = Accesibility;
				SDKROOT = iphoneos;
				SWIFT_VERSION = 5.0;
				TARGETED_DEVICE_FAMILY = "1,2";
				VALIDATE_PRODUCT = YES;
			};
			name = Release;
		};
		537276E6265E679C003133F1 /* Debug */ = {
			isa = XCBuildConfiguration;
			buildSettings = {
				ASSETCATALOG_COMPILER_APPICON_NAME = AppIcon;
				ASSETCATALOG_COMPILER_GLOBAL_ACCENT_COLOR_NAME = AccentColor;
				CODE_SIGN_ENTITLEMENTS = macOS/macOS.entitlements;
				CODE_SIGN_STYLE = Automatic;
				COMBINE_HIDPI_IMAGES = YES;
				ENABLE_PREVIEWS = YES;
				INFOPLIST_FILE = macOS/Info.plist;
				LD_RUNPATH_SEARCH_PATHS = (
					"$(inherited)",
					"@executable_path/../Frameworks",
				);
				MACOSX_DEPLOYMENT_TARGET = 11.0;
				PRODUCT_BUNDLE_IDENTIFIER = BrightAnchor.Accesibility;
				PRODUCT_NAME = Accesibility;
				SDKROOT = macosx;
				SWIFT_VERSION = 5.0;
			};
			name = Debug;
		};
		537276E7265E679C003133F1 /* Release */ = {
			isa = XCBuildConfiguration;
			buildSettings = {
				ASSETCATALOG_COMPILER_APPICON_NAME = AppIcon;
				ASSETCATALOG_COMPILER_GLOBAL_ACCENT_COLOR_NAME = AccentColor;
				CODE_SIGN_ENTITLEMENTS = macOS/macOS.entitlements;
				CODE_SIGN_STYLE = Automatic;
				COMBINE_HIDPI_IMAGES = YES;
				ENABLE_PREVIEWS = YES;
				INFOPLIST_FILE = macOS/Info.plist;
				LD_RUNPATH_SEARCH_PATHS = (
					"$(inherited)",
					"@executable_path/../Frameworks",
				);
				MACOSX_DEPLOYMENT_TARGET = 11.0;
				PRODUCT_BUNDLE_IDENTIFIER = BrightAnchor.Accesibility;
				PRODUCT_NAME = Accesibility;
				SDKROOT = macosx;
				SWIFT_VERSION = 5.0;
			};
			name = Release;
		};
/* End XCBuildConfiguration section */

/* Begin XCConfigurationList section */
		537276C5265E679B003133F1 /* Build configuration list for PBXProject "Accesibility" */ = {
			isa = XCConfigurationList;
			buildConfigurations = (
				537276E0265E679C003133F1 /* Debug */,
				537276E1265E679C003133F1 /* Release */,
			);
			defaultConfigurationIsVisible = 0;
			defaultConfigurationName = Release;
		};
		537276E2265E679C003133F1 /* Build configuration list for PBXNativeTarget "Accesibility (iOS)" */ = {
			isa = XCConfigurationList;
			buildConfigurations = (
				537276E3265E679C003133F1 /* Debug */,
				537276E4265E679C003133F1 /* Release */,
			);
			defaultConfigurationIsVisible = 0;
			defaultConfigurationName = Release;
		};
		537276E5265E679C003133F1 /* Build configuration list for PBXNativeTarget "Accesibility (macOS)" */ = {
			isa = XCConfigurationList;
			buildConfigurations = (
				537276E6265E679C003133F1 /* Debug */,
				537276E7265E679C003133F1 /* Release */,
			);
			defaultConfigurationIsVisible = 0;
			defaultConfigurationName = Release;
		};
/* End XCConfigurationList section */
	};
	rootObject = 537276C2265E679B003133F1 /* Project object */;
}
